
Microsoft Visual Studio Solution File, Format Version 12.00
# Visual Studio Version 17
VisualStudioVersion = 17.7.34018.315
MinimumVisualStudioVersion = 10.0.40219.1
Project("{FAE04EC0-301F-11D3-BF4B-00C04F79EFBC}") = "blog_maui", "blog_maui\blog_maui.csproj", "{2F0CDE00-A418-4908-9308-D5579AE7F644}"
EndProject
Global
	GlobalSection(SolutionConfigurationPlatforms) = preSolution
		Debug|Any CPU = Debug|Any CPU
		Release|Any CPU = Release|Any CPU
	EndGlobalSection
	GlobalSection(ProjectConfigurationPlatforms) = postSolution
		{2F0CDE00-A418-4908-9308-D5579AE7F644}.Debug|Any CPU.ActiveCfg = Debug|Any CPU
		{2F0CDE00-A418-4908-9308-D5579AE7F644}.Debug|Any CPU.Build.0 = Debug|Any CPU
		{2F0CDE00-A418-4908-9308-D5579AE7F644}.Debug|Any CPU.Deploy.0 = Debug|Any CPU
		{2F0CDE00-A418-4908-9308-D5579AE7F644}.Release|Any CPU.ActiveCfg = Release|Any CPU
		{2F0CDE00-A418-4908-9308-D5579AE7F644}.Release|Any CPU.Build.0 = Release|Any CPU
		{2F0CDE00-A418-4908-9308-D5579AE7F644}.Release|Any CPU.Deploy.0 = Release|Any CPU
	EndGlobalSection
	GlobalSection(SolutionProperties) = preSolution
		HideSolutionNode = FALSE
	EndGlobalSection
	GlobalSection(ExtensibilityGlobals) = postSolution
		SolutionGuid = {F09FC9BA-0013-4E1C-96DD-14D3FE9C054E}
	EndGlobalSection
EndGlobal
